// !$*UTF8*$!
{
	archiveVersion = 1;
	classes = {
	};
	objectVersion = 50;
	objects = {

/* Begin PBXBuildFile section */
		FF1BF64E22C658F000BB7CE3 /* SearchResultCell.xib in Resources */ = {isa = PBXBuildFile; fileRef = FF1BF64D22C658F000BB7CE3 /* SearchResultCell.xib */; };
		FF1BF65022C6622E00BB7CE3 /* SearchResultCell.swift in Sources */ = {isa = PBXBuildFile; fileRef = FF1BF64F22C6622E00BB7CE3 /* SearchResultCell.swift */; };
		FF1BF65222C671A900BB7CE3 /* NothingFoundCell.xib in Resources */ = {isa = PBXBuildFile; fileRef = FF1BF65122C671A900BB7CE3 /* NothingFoundCell.xib */; };
		FF1BF65422C7B17100BB7CE3 /* LoadingCell.xib in Resources */ = {isa = PBXBuildFile; fileRef = FF1BF65322C7B17100BB7CE3 /* LoadingCell.xib */; };
		FFD1AF7822B52B7100DCB3C7 /* AppDelegate.swift in Sources */ = {isa = PBXBuildFile; fileRef = FFD1AF7722B52B7100DCB3C7 /* AppDelegate.swift */; };
		FFD1AF7A22B52B7100DCB3C7 /* SearchViewController.swift in Sources */ = {isa = PBXBuildFile; fileRef = FFD1AF7922B52B7100DCB3C7 /* SearchViewController.swift */; };
		FFD1AF7D22B52B7100DCB3C7 /* Main.storyboard in Resources */ = {isa = PBXBuildFile; fileRef = FFD1AF7B22B52B7100DCB3C7 /* Main.storyboard */; };
		FFD1AF7F22B52B7400DCB3C7 /* Assets.xcassets in Resources */ = {isa = PBXBuildFile; fileRef = FFD1AF7E22B52B7400DCB3C7 /* Assets.xcassets */; };
		FFD1AF8222B52B7400DCB3C7 /* LaunchScreen.storyboard in Resources */ = {isa = PBXBuildFile; fileRef = FFD1AF8022B52B7400DCB3C7 /* LaunchScreen.storyboard */; };
		FFD1AF8A22B5E7AE00DCB3C7 /* SearchResult.swift in Sources */ = {isa = PBXBuildFile; fileRef = FFD1AF8922B5E7AE00DCB3C7 /* SearchResult.swift */; };
/* End PBXBuildFile section */

/* Begin PBXFileReference section */
		FF1BF64D22C658F000BB7CE3 /* SearchResultCell.xib */ = {isa = PBXFileReference; lastKnownFileType = file.xib; path = SearchResultCell.xib; sourceTree = "<group>"; };
		FF1BF64F22C6622E00BB7CE3 /* SearchResultCell.swift */ = {isa = PBXFileReference; lastKnownFileType = sourcecode.swift; path = SearchResultCell.swift; sourceTree = "<group>"; };
		FF1BF65122C671A900BB7CE3 /* NothingFoundCell.xib */ = {isa = PBXFileReference; lastKnownFileType = file.xib; path = NothingFoundCell.xib; sourceTree = "<group>"; };
		FF1BF65322C7B17100BB7CE3 /* LoadingCell.xib */ = {isa = PBXFileReference; lastKnownFileType = file.xib; path = LoadingCell.xib; sourceTree = "<group>"; };
		FFD1AF7422B52B7100DCB3C7 /* StoreSearch.app */ = {isa = PBXFileReference; explicitFileType = wrapper.application; includeInIndex = 0; path = StoreSearch.app; sourceTree = BUILT_PRODUCTS_DIR; };
		FFD1AF7722B52B7100DCB3C7 /* AppDelegate.swift */ = {isa = PBXFileReference; lastKnownFileType = sourcecode.swift; path = AppDelegate.swift; sourceTree = "<group>"; };
		FFD1AF7922B52B7100DCB3C7 /* SearchViewController.swift */ = {isa = PBXFileReference; lastKnownFileType = sourcecode.swift; path = SearchViewController.swift; sourceTree = "<group>"; };
		FFD1AF7C22B52B7100DCB3C7 /* Base */ = {isa = PBXFileReference; lastKnownFileType = file.storyboard; name = Base; path = Base.lproj/Main.storyboard; sourceTree = "<group>"; };
		FFD1AF7E22B52B7400DCB3C7 /* Assets.xcassets */ = {isa = PBXFileReference; lastKnownFileType = folder.assetcatalog; path = Assets.xcassets; sourceTree = "<group>"; };
		FFD1AF8122B52B7400DCB3C7 /* Base */ = {isa = PBXFileReference; lastKnownFileType = file.storyboard; name = Base; path = Base.lproj/LaunchScreen.storyboard; sourceTree = "<group>"; };
		FFD1AF8322B52B7400DCB3C7 /* Info.plist */ = {isa = PBXFileReference; lastKnownFileType = text.plist.xml; path = Info.plist; sourceTree = "<group>"; };
		FFD1AF8922B5E7AE00DCB3C7 /* SearchResult.swift */ = {isa = PBXFileReference; lastKnownFileType = sourcecode.swift; path = SearchResult.swift; sourceTree = "<group>"; };
/* End PBXFileReference section */

/* Begin PBXFrameworksBuildPhase section */
		FFD1AF7122B52B7100DCB3C7 /* Frameworks */ = {
			isa = PBXFrameworksBuildPhase;
			buildActionMask = 2147483647;
			files = (
			);
			runOnlyForDeploymentPostprocessing = 0;
		};
/* End PBXFrameworksBuildPhase section */

/* Begin PBXGroup section */
		FFD1AF6B22B52B7100DCB3C7 = {
			isa = PBXGroup;
			children = (
				FFD1AF7622B52B7100DCB3C7 /* StoreSearch */,
				FFD1AF7522B52B7100DCB3C7 /* Products */,
			);
			sourceTree = "<group>";
		};
		FFD1AF7522B52B7100DCB3C7 /* Products */ = {
			isa = PBXGroup;
			children = (
				FFD1AF7422B52B7100DCB3C7 /* StoreSearch.app */,
			);
			name = Products;
			sourceTree = "<group>";
		};
		FFD1AF7622B52B7100DCB3C7 /* StoreSearch */ = {
			isa = PBXGroup;
			children = (
				FFD1AF7722B52B7100DCB3C7 /* AppDelegate.swift */,
				FFD1AF7922B52B7100DCB3C7 /* SearchViewController.swift */,
				FF1BF64F22C6622E00BB7CE3 /* SearchResultCell.swift */,
				FFD1AF7B22B52B7100DCB3C7 /* Main.storyboard */,
				FFD1AF7E22B52B7400DCB3C7 /* Assets.xcassets */,
				FFD1AF8022B52B7400DCB3C7 /* LaunchScreen.storyboard */,
				FFD1AF8322B52B7400DCB3C7 /* Info.plist */,
				FFD1AF8922B5E7AE00DCB3C7 /* SearchResult.swift */,
				FF1BF64D22C658F000BB7CE3 /* SearchResultCell.xib */,
				FF1BF65122C671A900BB7CE3 /* NothingFoundCell.xib */,
				FF1BF65322C7B17100BB7CE3 /* LoadingCell.xib */,
			);
			path = StoreSearch;
			sourceTree = "<group>";
		};
/* End PBXGroup section */

/* Begin PBXNativeTarget section */
		FFD1AF7322B52B7100DCB3C7 /* StoreSearch */ = {
			isa = PBXNativeTarget;
			buildConfigurationList = FFD1AF8622B52B7400DCB3C7 /* Build configuration list for PBXNativeTarget "StoreSearch" */;
			buildPhases = (
				FFD1AF7022B52B7100DCB3C7 /* Sources */,
				FFD1AF7122B52B7100DCB3C7 /* Frameworks */,
				FFD1AF7222B52B7100DCB3C7 /* Resources */,
			);
			buildRules = (
			);
			dependencies = (
			);
			name = StoreSearch;
			productName = StoreSearch;
			productReference = FFD1AF7422B52B7100DCB3C7 /* StoreSearch.app */;
			productType = "com.apple.product-type.application";
		};
/* End PBXNativeTarget section */

/* Begin PBXProject section */
		FFD1AF6C22B52B7100DCB3C7 /* Project object */ = {
			isa = PBXProject;
			attributes = {
				LastSwiftUpdateCheck = 1020;
				LastUpgradeCheck = 1020;
				ORGANIZATIONNAME = kailun.com;
				TargetAttributes = {
					FFD1AF7322B52B7100DCB3C7 = {
						CreatedOnToolsVersion = 10.2.1;
					};
				};
			};
			buildConfigurationList = FFD1AF6F22B52B7100DCB3C7 /* Build configuration list for PBXProject "StoreSearch" */;
			compatibilityVersion = "Xcode 9.3";
			developmentRegion = en;
			hasScannedForEncodings = 0;
			knownRegions = (
				en,
				Base,
			);
			mainGroup = FFD1AF6B22B52B7100DCB3C7;
			productRefGroup = FFD1AF7522B52B7100DCB3C7 /* Products */;
			projectDirPath = "";
			projectRoot = "";
			targets = (
				FFD1AF7322B52B7100DCB3C7 /* StoreSearch */,
			);
		};
/* End PBXProject section */

/* Begin PBXResourcesBuildPhase section */
		FFD1AF7222B52B7100DCB3C7 /* Resources */ = {
			isa = PBXResourcesBuildPhase;
			buildActionMask = 2147483647;
			files = (
				FFD1AF8222B52B7400DCB3C7 /* LaunchScreen.storyboard in Resources */,
				FFD1AF7F22B52B7400DCB3C7 /* Assets.xcassets in Resources */,
				FF1BF65422C7B17100BB7CE3 /* LoadingCell.xib in Resources */,
				FF1BF64E22C658F000BB7CE3 /* SearchResultCell.xib in Resources */,
				FF1BF65222C671A900BB7CE3 /* NothingFoundCell.xib in Resources */,
				FFD1AF7D22B52B7100DCB3C7 /* Main.storyboard in Resources */,
			);
			runOnlyForDeploymentPostprocessing = 0;
		};
/* End PBXResourcesBuildPhase section */

/* Begin PBXSourcesBuildPhase section */
		FFD1AF7022B52B7100DCB3C7 /* Sources */ = {
			isa = PBXSourcesBuildPhase;
			buildActionMask = 2147483647;
			files = (
				FFD1AF7A22B52B7100DCB3C7 /* SearchViewController.swift in Sources */,
				FFD1AF8A22B5E7AE00DCB3C7 /* SearchResult.swift in Sources */,
				FF1BF65022C6622E00BB7CE3 /* SearchResultCell.swift in Sources */,
				FFD1AF7822B52B7100DCB3C7 /* AppDelegate.swift in Sources */,
			);
			runOnlyForDeploymentPostprocessing = 0;
		};
/* End PBXSourcesBuildPhase section */

/* Begin PBXVariantGroup section */
		FFD1AF7B22B52B7100DCB3C7 /* Main.storyboard */ = {
			isa = PBXVariantGroup;
			children = (
				FFD1AF7C22B52B7100DCB3C7 /* Base */,
			);
			name = Main.storyboard;
			sourceTree = "<group>";
		};
		FFD1AF8022B52B7400DCB3C7 /* LaunchScreen.storyboard */ = {
			isa = PBXVariantGroup;
			children = (
				FFD1AF8122B52B7400DCB3C7 /* Base */,
			);
			name = LaunchScreen.storyboard;
			sourceTree = "<group>";
		};
/* End PBXVariantGroup section */

/* Begin XCBuildConfiguration section */
		FFD1AF8422B52B7400DCB3C7 /* Debug */ = {
			isa = XCBuildConfiguration;
			buildSettings = {
				ALWAYS_SEARCH_USER_PATHS = NO;
				CLANG_ANALYZER_NONNULL = YES;
				CLANG_ANALYZER_NUMBER_OBJECT_CONVERSION = YES_AGGRESSIVE;
				CLANG_CXX_LANGUAGE_STANDARD = "gnu++14";
				CLANG_CXX_LIBRARY = "libc++";
				CLANG_ENABLE_MODULES = YES;
				CLANG_ENABLE_OBJC_ARC = YES;
				CLANG_ENABLE_OBJC_WEAK = YES;
				CLANG_WARN_BLOCK_CAPTURE_AUTORELEASING = YES;
				CLANG_WARN_BOOL_CONVERSION = YES;
				CLANG_WARN_COMMA = YES;
				CLANG_WARN_CONSTANT_CONVERSION = YES;
				CLANG_WARN_DEPRECATED_OBJC_IMPLEMENTATIONS = YES;
				CLANG_WARN_DIRECT_OBJC_ISA_USAGE = YES_ERROR;
				CLANG_WARN_DOCUMENTATION_COMMENTS = YES;
				CLANG_WARN_EMPTY_BODY = YES;
				CLANG_WARN_ENUM_CONVERSION = YES;
				CLANG_WARN_INFINITE_RECURSION = YES;
				CLANG_WARN_INT_CONVERSION = YES;
				CLANG_WARN_NON_LITERAL_NULL_CONVERSION = YES;
				CLANG_WARN_OBJC_IMPLICIT_RETAIN_SELF = YES;
				CLANG_WARN_OBJC_LITERAL_CONVERSION = YES;
				CLANG_WARN_OBJC_ROOT_CLASS = YES_ERROR;
				CLANG_WARN_RANGE_LOOP_ANALYSIS = YES;
				CLANG_WARN_STRICT_PROTOTYPES = YES;
				CLANG_WARN_SUSPICIOUS_MOVE = YES;
				CLANG_WARN_UNGUARDED_AVAILABILITY = YES_AGGRESSIVE;
				CLANG_WARN_UNREACHABLE_CODE = YES;
				CLANG_WARN__DUPLICATE_METHOD_MATCH = YES;
				CODE_SIGN_IDENTITY = "iPhone Developer";
				COPY_PHASE_STRIP = NO;
				DEBUG_INFORMATION_FORMAT = dwarf;
				ENABLE_STRICT_OBJC_MSGSEND = YES;
				ENABLE_TESTABILITY = YES;
				GCC_C_LANGUAGE_STANDARD = gnu11;
				GCC_DYNAMIC_NO_PIC = NO;
				GCC_NO_COMMON_BLOCKS = YES;
				GCC_OPTIMIZATION_LEVEL = 0;
				GCC_PREPROCESSOR_DEFINITIONS = (
					"DEBUG=1",
					"$(inherited)",
				);
				GCC_WARN_64_TO_32_BIT_CONVERSION = YES;
				GCC_WARN_ABOUT_RETURN_TYPE = YES_ERROR;
				GCC_WARN_UNDECLARED_SELECTOR = YES;
				GCC_WARN_UNINITIALIZED_AUTOS = YES_AGGRESSIVE;
				GCC_WARN_UNUSED_FUNCTION = YES;
				GCC_WARN_UNUSED_VARIABLE = YES;
				IPHONEOS_DEPLOYMENT_TARGET = 12.2;
				MTL_ENABLE_DEBUG_INFO = INCLUDE_SOURCE;
				MTL_FAST_MATH = YES;
				ONLY_ACTIVE_ARCH = YES;
				SDKROOT = iphoneos;
				SWIFT_ACTIVE_COMPILATION_CONDITIONS = DEBUG;
				SWIFT_OPTIMIZATION_LEVEL = "-Onone";
			};
			name = Debug;
		};
		FFD1AF8522B52B7400DCB3C7 /* Release */ = {
			isa = XCBuildConfiguration;
			buildSettings = {
				ALWAYS_SEARCH_USER_PATHS = NO;
				CLANG_ANALYZER_NONNULL = YES;
				CLANG_ANALYZER_NUMBER_OBJECT_CONVERSION = YES_AGGRESSIVE;
				CLANG_CXX_LANGUAGE_STANDARD = "gnu++14";
				CLANG_CXX_LIBRARY = "libc++";
				CLANG_ENABLE_MODULES = YES;
				CLANG_ENABLE_OBJC_ARC = YES;
				CLANG_ENABLE_OBJC_WEAK = YES;
				CLANG_WARN_BLOCK_CAPTURE_AUTORELEASING = YES;
				CLANG_WARN_BOOL_CONVERSION = YES;
				CLANG_WARN_COMMA = YES;
				CLANG_WARN_CONSTANT_CONVERSION = YES;
				CLANG_WARN_DEPRECATED_OBJC_IMPLEMENTATIONS = YES;
				CLANG_WARN_DIRECT_OBJC_ISA_USAGE = YES_ERROR;
				CLANG_WARN_DOCUMENTATION_COMMENTS = YES;
				CLANG_WARN_EMPTY_BODY = YES;
				CLANG_WARN_ENUM_CONVERSION = YES;
				CLANG_WARN_INFINITE_RECURSION = YES;
				CLANG_WARN_INT_CONVERSION = YES;
				CLANG_WARN_NON_LITERAL_NULL_CONVERSION = YES;
				CLANG_WARN_OBJC_IMPLICIT_RETAIN_SELF = YES;
				CLANG_WARN_OBJC_LITERAL_CONVERSION = YES;
				CLANG_WARN_OBJC_ROOT_CLASS = YES_ERROR;
				CLANG_WARN_RANGE_LOOP_ANALYSIS = YES;
				CLANG_WARN_STRICT_PROTOTYPES = YES;
				CLANG_WARN_SUSPICIOUS_MOVE = YES;
				CLANG_WARN_UNGUARDED_AVAILABILITY = YES_AGGRESSIVE;
				CLANG_WARN_UNREACHABLE_CODE = YES;
				CLANG_WARN__DUPLICATE_METHOD_MATCH = YES;
				CODE_SIGN_IDENTITY = "iPhone Developer";
				COPY_PHASE_STRIP = NO;
				DEBUG_INFORMATION_FORMAT = "dwarf-with-dsym";
				ENABLE_NS_ASSERTIONS = NO;
				ENABLE_STRICT_OBJC_MSGSEND = YES;
				GCC_C_LANGUAGE_STANDARD = gnu11;
				GCC_NO_COMMON_BLOCKS = YES;
				GCC_WARN_64_TO_32_BIT_CONVERSION = YES;
				GCC_WARN_ABOUT_RETURN_TYPE = YES_ERROR;
				GCC_WARN_UNDECLARED_SELECTOR = YES;
				GCC_WARN_UNINITIALIZED_AUTOS = YES_AGGRESSIVE;
				GCC_WARN_UNUSED_FUNCTION = YES;
				GCC_WARN_UNUSED_VARIABLE = YES;
				IPHONEOS_DEPLOYMENT_TARGET = 12.2;
				MTL_ENABLE_DEBUG_INFO = NO;
				MTL_FAST_MATH = YES;
				SDKROOT = iphoneos;
				SWIFT_COMPILATION_MODE = wholemodule;
				SWIFT_OPTIMIZATION_LEVEL = "-O";
				VALIDATE_PRODUCT = YES;
			};
			name = Release;
		};
		FFD1AF8722B52B7400DCB3C7 /* Debug */ = {
			isa = XCBuildConfiguration;
			buildSettings = {
				ASSETCATALOG_COMPILER_APPICON_NAME = AppIcon;
				CODE_SIGN_STYLE = Automatic;
				DEVELOPMENT_TEAM = 7L445936XD;
				INFOPLIST_FILE = StoreSearch/Info.plist;
				LD_RUNPATH_SEARCH_PATHS = (
					"$(inherited)",
					"@executable_path/Frameworks",
				);
				PRODUCT_BUNDLE_IDENTIFIER = com.kailun.StoreSearch;
				PRODUCT_NAME = "$(TARGET_NAME)";
				SWIFT_VERSION = 5.0;
				TARGETED_DEVICE_FAMILY = "1,2";
			};
			name = Debug;
		};
		FFD1AF8822B52B7400DCB3C7 /* Release */ = {
			isa = XCBuildConfiguration;
			buildSettings = {
				ASSETCATALOG_COMPILER_APPICON_NAME = AppIcon;
				CODE_SIGN_STYLE = Automatic;
				DEVELOPMENT_TEAM = 7L445936XD;
				INFOPLIST_FILE = StoreSearch/Info.plist;
				LD_RUNPATH_SEARCH_PATHS = (
					"$(inherited)",
					"@executable_path/Frameworks",
				);
				PRODUCT_BUNDLE_IDENTIFIER = com.kailun.StoreSearch;
				PRODUCT_NAME = "$(TARGET_NAME)";
				SWIFT_VERSION = 5.0;
				TARGETED_DEVICE_FAMILY = "1,2";
			};
			name = Release;
		};
/* End XCBuildConfiguration section */

/* Begin XCConfigurationList section */
		FFD1AF6F22B52B7100DCB3C7 /* Build configuration list for PBXProject "StoreSearch" */ = {
			isa = XCConfigurationList;
			buildConfigurations = (
				FFD1AF8422B52B7400DCB3C7 /* Debug */,
				FFD1AF8522B52B7400DCB3C7 /* Release */,
			);
			defaultConfigurationIsVisible = 0;
			defaultConfigurationName = Release;
		};
		FFD1AF8622B52B7400DCB3C7 /* Build configuration list for PBXNativeTarget "StoreSearch" */ = {
			isa = XCConfigurationList;
			buildConfigurations = (
				FFD1AF8722B52B7400DCB3C7 /* Debug */,
				FFD1AF8822B52B7400DCB3C7 /* Release */,
			);
			defaultConfigurationIsVisible = 0;
			defaultConfigurationName = Release;
		};
/* End XCConfigurationList section */
	};
	rootObject = FFD1AF6C22B52B7100DCB3C7 /* Project object */;
}
